
Microsoft Visual Studio Solution File, Format Version 12.00
# Visual Studio Version 17
VisualStudioVersion = 17.4.33205.214
MinimumVisualStudioVersion = 10.0.40219.1
Project("{FAE04EC0-301F-11D3-BF4B-00C04F79EFBC}") = "MintaZH_Beolvas", "MintaZH_Beolvas\MintaZH_Beolvas.csproj", "{D7BBC2A3-5DD1-4A38-852E-0EE27A3A9858}"
EndProject
Global
	GlobalSection(SolutionConfigurationPlatforms) = preSolution
		Debug|Any CPU = Debug|Any CPU
		Release|Any CPU = Release|Any CPU
	EndGlobalSection
	GlobalSection(ProjectConfigurationPlatforms) = postSolution
		{D7BBC2A3-5DD1-4A38-852E-0EE27A3A9858}.Debug|Any CPU.ActiveCfg = Debug|Any CPU
		{D7BBC2A3-5DD1-4A38-852E-0EE27A3A9858}.Debug|Any CPU.Build.0 = Debug|Any CPU
		{D7BBC2A3-5DD1-4A38-852E-0EE27A3A9858}.Release|Any CPU.ActiveCfg = Release|Any CPU
		{D7BBC2A3-5DD1-4A38-852E-0EE27A3A9858}.Release|Any CPU.Build.0 = Release|Any CPU
	EndGlobalSection
	GlobalSection(SolutionProperties) = preSolution
		HideSolutionNode = FALSE
	EndGlobalSection
	GlobalSection(ExtensibilityGlobals) = postSolution
		SolutionGuid = {ED3C2BF2-930E-4A58-9B6F-B79E0F79A5AE}
	EndGlobalSection
EndGlobal
