
Microsoft Visual Studio Solution File, Format Version 12.00
# Visual Studio Version 17
VisualStudioVersion = 17.4.33205.214
MinimumVisualStudioVersion = 10.0.40219.1
Project("{FAE04EC0-301F-11D3-BF4B-00C04F79EFBC}") = "H1150_Ismetles_Gyakorlas", "H1150_Ismetles_Gyakorlas\H1150_Ismetles_Gyakorlas.csproj", "{A9B38310-6F46-4788-A0F7-01206D3EC8B0}"
EndProject
Global
	GlobalSection(SolutionConfigurationPlatforms) = preSolution
		Debug|Any CPU = Debug|Any CPU
		Release|Any CPU = Release|Any CPU
	EndGlobalSection
	GlobalSection(ProjectConfigurationPlatforms) = postSolution
		{A9B38310-6F46-4788-A0F7-01206D3EC8B0}.Debug|Any CPU.ActiveCfg = Debug|Any CPU
		{A9B38310-6F46-4788-A0F7-01206D3EC8B0}.Debug|Any CPU.Build.0 = Debug|Any CPU
		{A9B38310-6F46-4788-A0F7-01206D3EC8B0}.Release|Any CPU.ActiveCfg = Release|Any CPU
		{A9B38310-6F46-4788-A0F7-01206D3EC8B0}.Release|Any CPU.Build.0 = Release|Any CPU
	EndGlobalSection
	GlobalSection(SolutionProperties) = preSolution
		HideSolutionNode = FALSE
	EndGlobalSection
	GlobalSection(ExtensibilityGlobals) = postSolution
		SolutionGuid = {55906B82-D043-476C-BE56-D2FF59C622F1}
	EndGlobalSection
EndGlobal
